
Microsoft Visual Studio Solution File, Format Version 12.00
# Visual Studio Version 17
VisualStudioVersion = 17.9.34616.47
MinimumVisualStudioVersion = 10.0.40219.1
Project("{FAE04EC0-301F-11D3-BF4B-00C04F79EFBC}") = "paint", "paint.csproj", "{658DB14D-1E95-4769-982D-4CD4B7EFA6B5}"
EndProject
Global
	GlobalSection(SolutionConfigurationPlatforms) = preSolution
		Debug|Any CPU = Debug|Any CPU
		Release|Any CPU = Release|Any CPU
	EndGlobalSection
	GlobalSection(ProjectConfigurationPlatforms) = postSolution
		{658DB14D-1E95-4769-982D-4CD4B7EFA6B5}.Debug|Any CPU.ActiveCfg = Debug|Any CPU
		{658DB14D-1E95-4769-982D-4CD4B7EFA6B5}.Debug|Any CPU.Build.0 = Debug|Any CPU
		{658DB14D-1E95-4769-982D-4CD4B7EFA6B5}.Release|Any CPU.ActiveCfg = Release|Any CPU
		{658DB14D-1E95-4769-982D-4CD4B7EFA6B5}.Release|Any CPU.Build.0 = Release|Any CPU
	EndGlobalSection
	GlobalSection(SolutionProperties) = preSolution
		HideSolutionNode = FALSE
	EndGlobalSection
	GlobalSection(ExtensibilityGlobals) = postSolution
		SolutionGuid = {AE6887FE-3AE4-4CA5-B002-296E13576373}
	EndGlobalSection
EndGlobal
